# This file is generated by running "yarn install" inside your project.
# Manual changes might be lost - proceed with caution!

__metadata:
  version: 8
  cacheKey: 10

"ajv@npm:^6.12.3":
  version: 6.12.6
  resolution: "ajv@npm:6.12.6"
  dependencies:
    fast-deep-equal: "npm:^3.1.1"
    fast-json-stable-stringify: "npm:^2.0.0"
    json-schema-traverse: "npm:^0.4.1"
    uri-js: "npm:^4.2.2"
  checksum: 10/48d6ad21138d12eb4d16d878d630079a2bda25a04e745c07846a4ad768319533031e28872a9b3c5790fa1ec41aabdf2abed30a56e5a03ebc2cf92184b8ee306c
  languageName: node
  linkType: hard

"asn1@npm:~0.2.3":
  version: 0.2.6
  resolution: "asn1@npm:0.2.6"
  dependencies:
    safer-buffer: "npm:~2.1.0"
  checksum: 10/cf629291fee6c1a6f530549939433ebf32200d7849f38b810ff26ee74235e845c0c12b2ed0f1607ac17383d19b219b69cefa009b920dab57924c5c544e495078
  languageName: node
  linkType: hard

"assert-plus@npm:1.0.0, assert-plus@npm:^1.0.0":
  version: 1.0.0
  resolution: "assert-plus@npm:1.0.0"
  checksum: 10/f4f991ae2df849cc678b1afba52d512a7cbf0d09613ba111e72255409ff9158550c775162a47b12d015d1b82b3c273e8e25df0e4783d3ddb008a293486d00a07
  languageName: node
  linkType: hard

"asynckit@npm:^0.4.0":
  version: 0.4.0
  resolution: "asynckit@npm:0.4.0"
  checksum: 10/3ce727cbc78f69d6a4722517a58ee926c8c21083633b1d3fdf66fd688f6c127a53a592141bd4866f9b63240a86e9d8e974b13919450bd17fa33c2d22c4558ad8
  languageName: node
  linkType: hard

"aws-sign2@npm:~0.7.0":
  version: 0.7.0
  resolution: "aws-sign2@npm:0.7.0"
  checksum: 10/2ac497d739f71be3264cf096a33ab256a1fea7fe80b87dc51ec29374505bd5a661279ef1c22989d68528ea61ed634021ca63b31cf1d3c2a3682ffc106f7d0e96
  languageName: node
  linkType: hard

"aws4@npm:^1.8.0":
  version: 1.13.2
  resolution: "aws4@npm:1.13.2"
  checksum: 10/290b9f84facbad013747725bfd8b4c42d0b3b04b5620d8418f0219832ef95a7dc597a4af7b1589ae7fce18bacde96f40911c3cda36199dd04d9f8e01f72fa50a
  languageName: node
  linkType: hard

"bcrypt-pbkdf@npm:^1.0.0":
  version: 1.0.2
  resolution: "bcrypt-pbkdf@npm:1.0.2"
  dependencies:
    tweetnacl: "npm:^0.14.3"
  checksum: 10/13a4cde058250dbf1fa77a4f1b9a07d32ae2e3b9e28e88a0c7a1827835bc3482f3e478c4a0cfd4da6ff0c46dae07da1061123a995372b32cc563d9975f975404
  languageName: node
  linkType: hard

"bignumber.js@npm:^9.0.0":
  version: 9.1.2
  resolution: "bignumber.js@npm:9.1.2"
  checksum: 10/d89b8800a987225d2c00dcbf8a69dc08e92aa0880157c851c287b307d31ceb2fc2acb0c62c3e3a3d42b6c5fcae9b004035f13eb4386e56d529d7edac18d5c9d8
  languageName: node
  linkType: hard

"bluebird@npm:^3.5.0":
  version: 3.7.2
  resolution: "bluebird@npm:3.7.2"
  checksum: 10/007c7bad22c5d799c8dd49c85b47d012a1fe3045be57447721e6afbd1d5be43237af1db62e26cb9b0d9ba812d2e4ca3bac82f6d7e016b6b88de06ee25ceb96e7
  languageName: node
  linkType: hard

"caseless@npm:~0.12.0":
  version: 0.12.0
  resolution: "caseless@npm:0.12.0"
  checksum: 10/ea1efdf430975fdbac3505cdd21007f7ac5aa29b6d4d1c091f965853cd1bf87e4b08ea07b31a6d688b038872b7cdf0589d9262d59c699d199585daad052aeb20
  languageName: node
  linkType: hard

"combined-stream@npm:^1.0.6, combined-stream@npm:~1.0.6":
  version: 1.0.8
  resolution: "combined-stream@npm:1.0.8"
  dependencies:
    delayed-stream: "npm:~1.0.0"
  checksum: 10/2e969e637d05d09fa50b02d74c83a1186f6914aae89e6653b62595cc75a221464f884f55f231b8f4df7a49537fba60bdc0427acd2bf324c09a1dbb84837e36e4
  languageName: node
  linkType: hard

"core-util-is@npm:1.0.2":
  version: 1.0.2
  resolution: "core-util-is@npm:1.0.2"
  checksum: 10/d0f7587346b44a1fe6c269267e037dd34b4787191e473c3e685f507229d88561c40eb18872fabfff02977301815d474300b7bfbd15396c13c5377393f7e87ec3
  languageName: node
  linkType: hard

"dashdash@npm:^1.12.0":
  version: 1.14.1
  resolution: "dashdash@npm:1.14.1"
  dependencies:
    assert-plus: "npm:^1.0.0"
  checksum: 10/137b287fa021201ce100cef772c8eeeaaafdd2aa7282864022acf3b873021e54cb809e9c060fa164840bf54ff72d00d6e2d8da1ee5a86d7200eeefa1123a8f7f
  languageName: node
  linkType: hard

"delayed-stream@npm:~1.0.0":
  version: 1.0.0
  resolution: "delayed-stream@npm:1.0.0"
  checksum: 10/46fe6e83e2cb1d85ba50bd52803c68be9bd953282fa7096f51fc29edd5d67ff84ff753c51966061e5ba7cb5e47ef6d36a91924eddb7f3f3483b1c560f77a0020
  languageName: node
  linkType: hard

"dotenv@npm:^16.4.7":
  version: 16.4.7
  resolution: "dotenv@npm:16.4.7"
  checksum: 10/f13bfe97db88f0df4ec505eeffb8925ec51f2d56a3d0b6d916964d8b4af494e6fb1633ba5d09089b552e77ab2a25de58d70259b2c5ed45ec148221835fc99a0c
  languageName: node
  linkType: hard

"ecc-jsbn@npm:~0.1.1":
  version: 0.1.2
  resolution: "ecc-jsbn@npm:0.1.2"
  dependencies:
    jsbn: "npm:~0.1.0"
    safer-buffer: "npm:^2.1.0"
  checksum: 10/d43591f2396196266e186e6d6928038cc11c76c3699a912cb9c13757060f7bbc7f17f47c4cb16168cdeacffc7965aef021142577e646fb3cb88810c15173eb57
  languageName: node
  linkType: hard

"extend@npm:~3.0.2":
  version: 3.0.2
  resolution: "extend@npm:3.0.2"
  checksum: 10/59e89e2dc798ec0f54b36d82f32a27d5f6472c53974f61ca098db5d4648430b725387b53449a34df38fd0392045434426b012f302b3cc049a6500ccf82877e4e
  languageName: node
  linkType: hard

"extsprintf@npm:1.3.0":
  version: 1.3.0
  resolution: "extsprintf@npm:1.3.0"
  checksum: 10/26967d6c7ecbfb5bc5b7a6c43503dc5fafd9454802037e9fa1665e41f615da4ff5918bd6cb871a3beabed01a31eca1ccd0bdfb41231f50ad50d405a430f78377
  languageName: node
  linkType: hard

"extsprintf@npm:^1.2.0":
  version: 1.4.1
  resolution: "extsprintf@npm:1.4.1"
  checksum: 10/bfd6d55f3c0c04d826fe0213264b383c03f32825af6b1ff777f3f2dc49467e599361993568d75b7b19a8ea1bb08c8e7cd8c3d87d179ced91bb0dcf81ca6938e0
  languageName: node
  linkType: hard

"fast-deep-equal@npm:^3.1.1":
  version: 3.1.3
  resolution: "fast-deep-equal@npm:3.1.3"
  checksum: 10/e21a9d8d84f53493b6aa15efc9cfd53dd5b714a1f23f67fb5dc8f574af80df889b3bce25dc081887c6d25457cce704e636395333abad896ccdec03abaf1f3f9d
  languageName: node
  linkType: hard

"fast-json-stable-stringify@npm:^2.0.0":
  version: 2.1.0
  resolution: "fast-json-stable-stringify@npm:2.1.0"
  checksum: 10/2c20055c1fa43c922428f16ca8bb29f2807de63e5c851f665f7ac9790176c01c3b40335257736b299764a8d383388dabc73c8083b8e1bc3d99f0a941444ec60e
  languageName: node
  linkType: hard

"forever-agent@npm:~0.6.1":
  version: 0.6.1
  resolution: "forever-agent@npm:0.6.1"
  checksum: 10/c1e1644d5e074ac063ecbc3fb8582013ef91fff0e3fa41e76db23d2f62bc6d9677aac86db950917deed4fe1fdd772df780cfaa352075f23deec9c015313afb97
  languageName: node
  linkType: hard

"form-data@npm:~2.3.2":
  version: 2.3.3
  resolution: "form-data@npm:2.3.3"
  dependencies:
    asynckit: "npm:^0.4.0"
    combined-stream: "npm:^1.0.6"
    mime-types: "npm:^2.1.12"
  checksum: 10/1b6f3ccbf4540e535887b42218a2431a3f6cfdea320119c2affa2a7a374ad8fdd1e60166fc865181f45d49b1684c3e90e7b2190d3fe016692957afb9cf0d0d02
  languageName: node
  linkType: hard

"getpass@npm:^0.1.1":
  version: 0.1.7
  resolution: "getpass@npm:0.1.7"
  dependencies:
    assert-plus: "npm:^1.0.0"
  checksum: 10/ab18d55661db264e3eac6012c2d3daeafaab7a501c035ae0ccb193c3c23e9849c6e29b6ac762b9c2adae460266f925d55a3a2a3a3c8b94be2f222df94d70c046
  languageName: node
  linkType: hard

"har-schema@npm:^2.0.0":
  version: 2.0.0
  resolution: "har-schema@npm:2.0.0"
  checksum: 10/d8946348f333fb09e2bf24cc4c67eabb47c8e1d1aa1c14184c7ffec1140a49ec8aa78aa93677ae452d71d5fc0fdeec20f0c8c1237291fc2bcb3f502a5d204f9b
  languageName: node
  linkType: hard

"har-validator@npm:~5.1.3":
  version: 5.1.5
  resolution: "har-validator@npm:5.1.5"
  dependencies:
    ajv: "npm:^6.12.3"
    har-schema: "npm:^2.0.0"
  checksum: 10/b998a7269ca560d7f219eedc53e2c664cd87d487e428ae854a6af4573fc94f182fe9d2e3b92ab968249baec7ebaf9ead69cf975c931dc2ab282ec182ee988280
  languageName: node
  linkType: hard

"http-signature@npm:~1.2.0":
  version: 1.2.0
  resolution: "http-signature@npm:1.2.0"
  dependencies:
    assert-plus: "npm:^1.0.0"
    jsprim: "npm:^1.2.2"
    sshpk: "npm:^1.7.0"
  checksum: 10/2ff7112e6b0d8f08b382dfe705078c655501f2ddd76cf589d108445a9dd388a0a9be928c37108261519a7f53e6bbd1651048d74057b804807cce1ec49e87a95b
  languageName: node
  linkType: hard

"is-typedarray@npm:~1.0.0":
  version: 1.0.0
  resolution: "is-typedarray@npm:1.0.0"
  checksum: 10/4b433bfb0f9026f079f4eb3fbaa4ed2de17c9995c3a0b5c800bec40799b4b2a8b4e051b1ada77749deb9ded4ae52fe2096973f3a93ff83df1a5a7184a669478c
  languageName: node
  linkType: hard

"isstream@npm:~0.1.2":
  version: 0.1.2
  resolution: "isstream@npm:0.1.2"
  checksum: 10/22d9c181015226d4534a227539256897bbbcb7edd1066ca4fc4d3a06dbd976325dfdd16b3983c7d236a89f256805c1a685a772e0364e98873d3819b064ad35a1
  languageName: node
  linkType: hard

"jsbn@npm:~0.1.0":
  version: 0.1.1
  resolution: "jsbn@npm:0.1.1"
  checksum: 10/5450133242845100e694f0ef9175f44c012691a9b770b2571e677314e6f70600abb10777cdfc9a0c6a9f2ac6d134577403633de73e2fcd0f97875a67744e2d14
  languageName: node
  linkType: hard

"json-bigint@npm:^1.0.0":
  version: 1.0.0
  resolution: "json-bigint@npm:1.0.0"
  dependencies:
    bignumber.js: "npm:^9.0.0"
  checksum: 10/cd3973b88e5706f8f89d2a9c9431f206ef385bd5c584db1b258891a5e6642507c32316b82745239088c697f5ddfe967351e1731f5789ba7855aed56ad5f70e1f
  languageName: node
  linkType: hard

"json-schema-traverse@npm:^0.4.1":
  version: 0.4.1
  resolution: "json-schema-traverse@npm:0.4.1"
  checksum: 10/7486074d3ba247769fda17d5181b345c9fb7d12e0da98b22d1d71a5db9698d8b4bd900a3ec1a4ffdd60846fc2556274a5c894d0c48795f14cb03aeae7b55260b
  languageName: node
  linkType: hard

"json-schema@npm:0.4.0":
  version: 0.4.0
  resolution: "json-schema@npm:0.4.0"
  checksum: 10/8b3b64eff4a807dc2a3045b104ed1b9335cd8d57aa74c58718f07f0f48b8baa3293b00af4dcfbdc9144c3aafea1e97982cc27cc8e150fc5d93c540649507a458
  languageName: node
  linkType: hard

"json-stringify-safe@npm:~5.0.1":
  version: 5.0.1
  resolution: "json-stringify-safe@npm:5.0.1"
  checksum: 10/59169a081e4eeb6f9559ae1f938f656191c000e0512aa6df9f3c8b2437a4ab1823819c6b9fd1818a4e39593ccfd72e9a051fdd3e2d1e340ed913679e888ded8c
  languageName: node
  linkType: hard

"jsprim@npm:^1.2.2":
  version: 1.4.2
  resolution: "jsprim@npm:1.4.2"
  dependencies:
    assert-plus: "npm:1.0.0"
    extsprintf: "npm:1.3.0"
    json-schema: "npm:0.4.0"
    verror: "npm:1.10.0"
  checksum: 10/df2bf234eab1b5078d01bcbff3553d50a243f7b5c10a169745efeda6344d62798bd1d85bcca6a8446f3b5d0495e989db45f9de8dae219f0f9796e70e0c776089
  languageName: node
  linkType: hard

"lodash@npm:^4.17.19":
  version: 4.17.21
  resolution: "lodash@npm:4.17.21"
  checksum: 10/c08619c038846ea6ac754abd6dd29d2568aa705feb69339e836dfa8d8b09abbb2f859371e86863eda41848221f9af43714491467b5b0299122431e202bb0c532
  languageName: node
  linkType: hard

"mime-db@npm:1.52.0":
  version: 1.52.0
  resolution: "mime-db@npm:1.52.0"
  checksum: 10/54bb60bf39e6f8689f6622784e668a3d7f8bed6b0d886f5c3c446cb3284be28b30bf707ed05d0fe44a036f8469976b2629bbea182684977b084de9da274694d7
  languageName: node
  linkType: hard

"mime-types@npm:^2.1.12, mime-types@npm:~2.1.19":
  version: 2.1.35
  resolution: "mime-types@npm:2.1.35"
  dependencies:
    mime-db: "npm:1.52.0"
  checksum: 10/89aa9651b67644035de2784a6e665fc685d79aba61857e02b9c8758da874a754aed4a9aced9265f5ed1171fd934331e5516b84a7f0218031b6fa0270eca1e51a
  languageName: node
  linkType: hard

"oauth-sign@npm:~0.9.0":
  version: 0.9.0
  resolution: "oauth-sign@npm:0.9.0"
  checksum: 10/1809a366d258f41fdf4ab5310cff3d1e15f96b187503bc7333cef4351de7bd0f52cb269bc95800f1fae5fb04dd886287df1471985fd67e8484729fdbcf857119
  languageName: node
  linkType: hard

"performance-now@npm:^2.1.0":
  version: 2.1.0
  resolution: "performance-now@npm:2.1.0"
  checksum: 10/534e641aa8f7cba160f0afec0599b6cecefbb516a2e837b512be0adbe6c1da5550e89c78059c7fabc5c9ffdf6627edabe23eb7c518c4500067a898fa65c2b550
  languageName: node
  linkType: hard

"psl@npm:^1.1.28":
  version: 1.15.0
  resolution: "psl@npm:1.15.0"
  dependencies:
    punycode: "npm:^2.3.1"
  checksum: 10/5e7467eb5196eb7900d156783d12907d445c0122f76c73203ce96b148a6ccf8c5450cc805887ffada38ff92d634afcf33720c24053cb01d5b6598d1c913c5caf
  languageName: node
  linkType: hard

"punycode@npm:^2.1.0, punycode@npm:^2.1.1, punycode@npm:^2.3.1":
  version: 2.3.1
  resolution: "punycode@npm:2.3.1"
  checksum: 10/febdc4362bead22f9e2608ff0171713230b57aff9dddc1c273aa2a651fbd366f94b7d6a71d78342a7c0819906750351ca7f2edd26ea41b626d87d6a13d1bd059
  languageName: node
  linkType: hard

"qs@npm:~6.5.2":
  version: 6.5.3
  resolution: "qs@npm:6.5.3"
  checksum: 10/485c990fba7ad17671e16c92715fb064c1600337738f5d140024eb33a49fbc1ed31890d3db850117c760caeb9c9cc9f4ba22a15c20dd119968e41e3d3fe60b28
  languageName: node
  linkType: hard

"request-promise-core@npm:1.1.4":
  version: 1.1.4
  resolution: "request-promise-core@npm:1.1.4"
  dependencies:
    lodash: "npm:^4.17.19"
  peerDependencies:
    request: ^2.34
  checksum: 10/79714e46b078c8de539c4de13e78878a3c7e3f33e194547c5ec3f0c8e47b0b222aa1718bbd2dbfb1a7990149041c6cc0be6c5916e03d99f4e75939f2a840046e
  languageName: node
  linkType: hard

"request-promise@npm:^4.2.0":
  version: 4.2.6
  resolution: "request-promise@npm:4.2.6"
  dependencies:
    bluebird: "npm:^3.5.0"
    request-promise-core: "npm:1.1.4"
    stealthy-require: "npm:^1.1.1"
    tough-cookie: "npm:^2.3.3"
  peerDependencies:
    request: ^2.34
  checksum: 10/b0d8846ebca56008ab18d8e6daa16630bd94d0753c8718afbc4bd987bc13042ae5f4cb4d418498dfffb43fcd00806babba176598b0ab935212b72bbdb4dc7643
  languageName: node
  linkType: hard

"request@npm:^2.81.0":
  version: 2.88.2
  resolution: "request@npm:2.88.2"
  dependencies:
    aws-sign2: "npm:~0.7.0"
    aws4: "npm:^1.8.0"
    caseless: "npm:~0.12.0"
    combined-stream: "npm:~1.0.6"
    extend: "npm:~3.0.2"
    forever-agent: "npm:~0.6.1"
    form-data: "npm:~2.3.2"
    har-validator: "npm:~5.1.3"
    http-signature: "npm:~1.2.0"
    is-typedarray: "npm:~1.0.0"
    isstream: "npm:~0.1.2"
    json-stringify-safe: "npm:~5.0.1"
    mime-types: "npm:~2.1.19"
    oauth-sign: "npm:~0.9.0"
    performance-now: "npm:^2.1.0"
    qs: "npm:~6.5.2"
    safe-buffer: "npm:^5.1.2"
    tough-cookie: "npm:~2.5.0"
    tunnel-agent: "npm:^0.6.0"
    uuid: "npm:^3.3.2"
  checksum: 10/005b8b237b56f1571cfd4ecc09772adaa2e82dcb884fc14ea2bb25e23dbf7c2009f9929e0b6d3fd5802e33ed8ee705a3b594c8f9467c1458cd973872bf89db8e
  languageName: node
  linkType: hard

"safe-buffer@npm:^5.0.1, safe-buffer@npm:^5.1.2":
  version: 5.2.1
  resolution: "safe-buffer@npm:5.2.1"
  checksum: 10/32872cd0ff68a3ddade7a7617b8f4c2ae8764d8b7d884c651b74457967a9e0e886267d3ecc781220629c44a865167b61c375d2da6c720c840ecd73f45d5d9451
  languageName: node
  linkType: hard

"safer-buffer@npm:^2.0.2, safer-buffer@npm:^2.1.0, safer-buffer@npm:~2.1.0":
  version: 2.1.2
  resolution: "safer-buffer@npm:2.1.2"
  checksum: 10/7eaf7a0cf37cc27b42fb3ef6a9b1df6e93a1c6d98c6c6702b02fe262d5fcbd89db63320793b99b21cb5348097d0a53de81bd5f4e8b86e20cc9412e3f1cfb4e83
  languageName: node
  linkType: hard

"sshpk@npm:^1.7.0":
  version: 1.18.0
  resolution: "sshpk@npm:1.18.0"
  dependencies:
    asn1: "npm:~0.2.3"
    assert-plus: "npm:^1.0.0"
    bcrypt-pbkdf: "npm:^1.0.0"
    dashdash: "npm:^1.12.0"
    ecc-jsbn: "npm:~0.1.1"
    getpass: "npm:^0.1.1"
    jsbn: "npm:~0.1.0"
    safer-buffer: "npm:^2.0.2"
    tweetnacl: "npm:~0.14.0"
  bin:
    sshpk-conv: bin/sshpk-conv
    sshpk-sign: bin/sshpk-sign
    sshpk-verify: bin/sshpk-verify
  checksum: 10/858339d43e3c6b6a848772a66f69442ce74f1a37655d9f35ba9d1f85329499ff0000af9f8ab83dbb39ad24c0c370edabe0be1e39863f70c6cded9924b8458c34
  languageName: node
  linkType: hard

"stealthy-require@npm:^1.1.1":
  version: 1.1.1
  resolution: "stealthy-require@npm:1.1.1"
  checksum: 10/a408a51f5b6c1fe535e4459732ac0b66d7921583f89fc8289bfdc937a497fe8196219d1e04d234047349b90723ecff1a1cb4a92bef2315e01a3081dc72db8d41
  languageName: node
  linkType: hard

"strava-importer@workspace:.":
  version: 0.0.0-use.local
  resolution: "strava-importer@workspace:."
  dependencies:
    dotenv: "npm:^16.4.7"
    strava-v3: "npm:^2.2.1"
  languageName: unknown
  linkType: soft

"strava-v3@npm:^2.2.1":
  version: 2.2.1
  resolution: "strava-v3@npm:2.2.1"
  dependencies:
    bluebird: "npm:^3.5.0"
    json-bigint: "npm:^1.0.0"
    request: "npm:^2.81.0"
    request-promise: "npm:^4.2.0"
  checksum: 10/99bf7eb182ab585ac8b72bb8386ea37f0ee455b24a3d6021c9a5d9a0cb4d755aa9f07d28a817c5353e05930b4cc29e628e4a9f90488409051de00361cbc77abf
  languageName: node
  linkType: hard

"tough-cookie@npm:^2.3.3, tough-cookie@npm:~2.5.0":
  version: 2.5.0
  resolution: "tough-cookie@npm:2.5.0"
  dependencies:
    psl: "npm:^1.1.28"
    punycode: "npm:^2.1.1"
  checksum: 10/024cb13a4d1fe9af57f4323dff765dd9b217cc2a69be77e3b8a1ca45600aa33a097b6ad949f225d885e904f4bd3ceccef104741ef202d8378e6ca78e850ff82f
  languageName: node
  linkType: hard

"tunnel-agent@npm:^0.6.0":
  version: 0.6.0
  resolution: "tunnel-agent@npm:0.6.0"
  dependencies:
    safe-buffer: "npm:^5.0.1"
  checksum: 10/7f0d9ed5c22404072b2ae8edc45c071772affd2ed14a74f03b4e71b4dd1a14c3714d85aed64abcaaee5fec2efc79002ba81155c708f4df65821b444abb0cfade
  languageName: node
  linkType: hard

"tweetnacl@npm:^0.14.3, tweetnacl@npm:~0.14.0":
  version: 0.14.5
  resolution: "tweetnacl@npm:0.14.5"
  checksum: 10/04ee27901cde46c1c0a64b9584e04c96c5fe45b38c0d74930710751ea991408b405747d01dfae72f80fc158137018aea94f9c38c651cb9c318f0861a310c3679
  languageName: node
  linkType: hard

"uri-js@npm:^4.2.2":
  version: 4.4.1
  resolution: "uri-js@npm:4.4.1"
  dependencies:
    punycode: "npm:^2.1.0"
  checksum: 10/b271ca7e3d46b7160222e3afa3e531505161c9a4e097febae9664e4b59912f4cbe94861361a4175edac3a03fee99d91e44b6a58c17a634bc5a664b19fc76fbcb
  languageName: node
  linkType: hard

"uuid@npm:^3.3.2":
  version: 3.4.0
  resolution: "uuid@npm:3.4.0"
  bin:
    uuid: ./bin/uuid
  checksum: 10/4f2b86432b04cc7c73a0dd1bcf11f1fc18349d65d2e4e32dd0fc658909329a1e0cc9244aa93f34c0cccfdd5ae1af60a149251a5f420ec3ac4223a3dab198fb2e
  languageName: node
  linkType: hard

"verror@npm:1.10.0":
  version: 1.10.0
  resolution: "verror@npm:1.10.0"
  dependencies:
    assert-plus: "npm:^1.0.0"
    core-util-is: "npm:1.0.2"
    extsprintf: "npm:^1.2.0"
  checksum: 10/da548149dd9c130a8a2587c9ee71ea30128d1526925707e2d01ed9c5c45c9e9f86733c66a328247cdd5f7c1516fb25b0f959ba754bfbe15072aa99ff96468a29
  languageName: node
  linkType: hard
