# This file is generated by running "yarn install" inside your project.
# Manual changes might be lost - proceed with caution!

__metadata:
  version: 7
  cacheKey: 9

"dotenv@npm:^16.4.7":
  version: 16.4.7
  resolution: "dotenv@npm:16.4.7"
  checksum: 7abc0d9883e834aa4a982e7f450d4786322a63bb3c5f85aaa77e8e462780135f06e707bd3081ae53a4c52aa99ab2257266ff74e2a27388888a1ed0cb95cae13e
  languageName: node
  linkType: hard

"strava-importer@workspace:.":
  version: 0.0.0-use.local
  resolution: "strava-importer@workspace:."
  dependencies:
    dotenv: "npm:^16.4.7"
  languageName: unknown
  linkType: soft
